
Microsoft Visual Studio Solution File, Format Version 12.00
# Visual Studio Version 16
VisualStudioVersion = 16.0.31019.35
MinimumVisualStudioVersion = 10.0.40219.1
Project("{FAE04EC0-301F-11D3-BF4B-00C04F79EFBC}") = "Zad_Rechnik", "Zad_Rechnik\Zad_Rechnik.csproj", "{FE1C5D67-0062-43A4-A7E8-7DCAE29721A9}"
EndProject
Global
	GlobalSection(SolutionConfigurationPlatforms) = preSolution
		Debug|Any CPU = Debug|Any CPU
		Release|Any CPU = Release|Any CPU
	EndGlobalSection
	GlobalSection(ProjectConfigurationPlatforms) = postSolution
		{FE1C5D67-0062-43A4-A7E8-7DCAE29721A9}.Debug|Any CPU.ActiveCfg = Debug|Any CPU
		{FE1C5D67-0062-43A4-A7E8-7DCAE29721A9}.Debug|Any CPU.Build.0 = Debug|Any CPU
		{FE1C5D67-0062-43A4-A7E8-7DCAE29721A9}.Release|Any CPU.ActiveCfg = Release|Any CPU
		{FE1C5D67-0062-43A4-A7E8-7DCAE29721A9}.Release|Any CPU.Build.0 = Release|Any CPU
	EndGlobalSection
	GlobalSection(SolutionProperties) = preSolution
		HideSolutionNode = FALSE
	EndGlobalSection
	GlobalSection(ExtensibilityGlobals) = postSolution
		SolutionGuid = {10BC48F9-3885-4C9B-8923-8CE50F8405E5}
	EndGlobalSection
EndGlobal
