
Microsoft Visual Studio Solution File, Format Version 12.00
# Visual Studio Version 16
VisualStudioVersion = 16.0.31019.35
MinimumVisualStudioVersion = 10.0.40219.1
Project("{FAE04EC0-301F-11D3-BF4B-00C04F79EFBC}") = "Zad_List2", "Zad_List2\Zad_List2.csproj", "{733EA402-92E8-48B6-8873-FBBCE6FC383A}"
EndProject
Global
	GlobalSection(SolutionConfigurationPlatforms) = preSolution
		Debug|Any CPU = Debug|Any CPU
		Release|Any CPU = Release|Any CPU
	EndGlobalSection
	GlobalSection(ProjectConfigurationPlatforms) = postSolution
		{733EA402-92E8-48B6-8873-FBBCE6FC383A}.Debug|Any CPU.ActiveCfg = Debug|Any CPU
		{733EA402-92E8-48B6-8873-FBBCE6FC383A}.Debug|Any CPU.Build.0 = Debug|Any CPU
		{733EA402-92E8-48B6-8873-FBBCE6FC383A}.Release|Any CPU.ActiveCfg = Release|Any CPU
		{733EA402-92E8-48B6-8873-FBBCE6FC383A}.Release|Any CPU.Build.0 = Release|Any CPU
	EndGlobalSection
	GlobalSection(SolutionProperties) = preSolution
		HideSolutionNode = FALSE
	EndGlobalSection
	GlobalSection(ExtensibilityGlobals) = postSolution
		SolutionGuid = {40BE267D-1328-4AE5-AB4A-F651590BCEA5}
	EndGlobalSection
EndGlobal
