
Microsoft Visual Studio Solution File, Format Version 12.00
# Visual Studio Version 16
VisualStudioVersion = 16.0.31019.35
MinimumVisualStudioVersion = 10.0.40219.1
Project("{FAE04EC0-301F-11D3-BF4B-00C04F79EFBC}") = "Zad_DictionarySupermarket", "Zad_DictionarySupermarket\Zad_DictionarySupermarket.csproj", "{B3AD5E7D-11DE-410F-88F2-3235F8915677}"
EndProject
Global
	GlobalSection(SolutionConfigurationPlatforms) = preSolution
		Debug|Any CPU = Debug|Any CPU
		Release|Any CPU = Release|Any CPU
	EndGlobalSection
	GlobalSection(ProjectConfigurationPlatforms) = postSolution
		{B3AD5E7D-11DE-410F-88F2-3235F8915677}.Debug|Any CPU.ActiveCfg = Debug|Any CPU
		{B3AD5E7D-11DE-410F-88F2-3235F8915677}.Debug|Any CPU.Build.0 = Debug|Any CPU
		{B3AD5E7D-11DE-410F-88F2-3235F8915677}.Release|Any CPU.ActiveCfg = Release|Any CPU
		{B3AD5E7D-11DE-410F-88F2-3235F8915677}.Release|Any CPU.Build.0 = Release|Any CPU
	EndGlobalSection
	GlobalSection(SolutionProperties) = preSolution
		HideSolutionNode = FALSE
	EndGlobalSection
	GlobalSection(ExtensibilityGlobals) = postSolution
		SolutionGuid = {34083FF6-44E4-4809-9D2A-4214BE0960EF}
	EndGlobalSection
EndGlobal
